# @generated by Move, please check-in and do not edit manually.

[move]
version = 1
manifest_digest = "0AAD4EF37C4C792D7A083A8E7DFF528AA299FFCA04BFF73BC6F82DED40B2F29C"
deps_digest = "F8BBB0CCB2491CA29A3DF03D6F92277A4F3574266507ACD77214D37ECA3F3082"
dependencies = [
  { name = "Sui" },
]

[[move.package]]
name = "MoveStdlib"
source = { git = "https://github.com/MystenLabs/sui.git", rev = "framework/testnet", subdir = "crates/sui-framework/packages/move-stdlib" }

[[move.package]]
name = "Sui"
source = { git = "https://github.com/MystenLabs/sui.git", rev = "framework/testnet", subdir = "crates/sui-framework/packages/sui-framework" }

dependencies = [
  { name = "MoveStdlib" },
]

[move.toolchain-version]
compiler-version = "1.31.1"
edition = "2024.beta"
flavor = "sui"

[env]

[env.mainnet]
chain-id = "35834a8a"
original-published-id = "0xd167e399db58a7626a5e851f1a15713df8ebcf9b897065ee9454c2cb522e01c3"
latest-published-id = "0xd167e399db58a7626a5e851f1a15713df8ebcf9b897065ee9454c2cb522e01c3"
published-version = "1"
